// !$*UTF8*$!
{
	archiveVersion = 1;
	classes = {
	};
	objectVersion = 46;
	objects = {

/* Begin PBXBuildFile section */
		820FD5B91CC3126C006562AA /* HackLeftTableViewCell.swift in Sources */ = {isa = PBXBuildFile; fileRef = 820FD5B81CC3126C006562AA /* HackLeftTableViewCell.swift */; };
		820FD5BB1CC31296006562AA /* HackathonViewController.swift in Sources */ = {isa = PBXBuildFile; fileRef = 820FD5BA1CC31296006562AA /* HackathonViewController.swift */; };
		820FD5BD1CC3160D006562AA /* Classes.swift in Sources */ = {isa = PBXBuildFile; fileRef = 820FD5BC1CC3160D006562AA /* Classes.swift */; };
		8249F40A1CC30FB70065C469 /* AppDelegate.swift in Sources */ = {isa = PBXBuildFile; fileRef = 8249F4091CC30FB70065C469 /* AppDelegate.swift */; };
		8249F40C1CC30FB70065C469 /* ViewController.swift in Sources */ = {isa = PBXBuildFile; fileRef = 8249F40B1CC30FB70065C469 /* ViewController.swift */; };
		8249F40F1CC30FB70065C469 /* Main.storyboard in Resources */ = {isa = PBXBuildFile; fileRef = 8249F40D1CC30FB70065C469 /* Main.storyboard */; };
		8249F4111CC30FB70065C469 /* Images.xcassets in Resources */ = {isa = PBXBuildFile; fileRef = 8249F4101CC30FB70065C469 /* Images.xcassets */; };
		8249F4141CC30FB70065C469 /* LaunchScreen.xib in Resources */ = {isa = PBXBuildFile; fileRef = 8249F4121CC30FB70065C469 /* LaunchScreen.xib */; };
		8249F4201CC30FB70065C469 /* HackPrepTests.swift in Sources */ = {isa = PBXBuildFile; fileRef = 8249F41F1CC30FB70065C469 /* HackPrepTests.swift */; };
/* End PBXBuildFile section */

/* Begin PBXContainerItemProxy section */
		8249F41A1CC30FB70065C469 /* PBXContainerItemProxy */ = {
			isa = PBXContainerItemProxy;
			containerPortal = 8249F3FC1CC30FB70065C469 /* Project object */;
			proxyType = 1;
			remoteGlobalIDString = 8249F4031CC30FB70065C469;
			remoteInfo = HackPrep;
		};
/* End PBXContainerItemProxy section */

/* Begin PBXFileReference section */
		820FD5B81CC3126C006562AA /* HackLeftTableViewCell.swift */ = {isa = PBXFileReference; fileEncoding = 4; lastKnownFileType = sourcecode.swift; path = HackLeftTableViewCell.swift; sourceTree = "<group>"; };
		820FD5BA1CC31296006562AA /* HackathonViewController.swift */ = {isa = PBXFileReference; fileEncoding = 4; lastKnownFileType = sourcecode.swift; path = HackathonViewController.swift; sourceTree = "<group>"; };
		820FD5BC1CC3160D006562AA /* Classes.swift */ = {isa = PBXFileReference; fileEncoding = 4; lastKnownFileType = sourcecode.swift; path = Classes.swift; sourceTree = "<group>"; };
		8249F4041CC30FB70065C469 /* HackPrep.app */ = {isa = PBXFileReference; explicitFileType = wrapper.application; includeInIndex = 0; path = HackPrep.app; sourceTree = BUILT_PRODUCTS_DIR; };
		8249F4081CC30FB70065C469 /* Info.plist */ = {isa = PBXFileReference; lastKnownFileType = text.plist.xml; path = Info.plist; sourceTree = "<group>"; };
		8249F4091CC30FB70065C469 /* AppDelegate.swift */ = {isa = PBXFileReference; lastKnownFileType = sourcecode.swift; path = AppDelegate.swift; sourceTree = "<group>"; };
		8249F40B1CC30FB70065C469 /* ViewController.swift */ = {isa = PBXFileReference; lastKnownFileType = sourcecode.swift; path = ViewController.swift; sourceTree = "<group>"; };
		8249F40E1CC30FB70065C469 /* Base */ = {isa = PBXFileReference; lastKnownFileType = file.storyboard; name = Base; path = Base.lproj/Main.storyboard; sourceTree = "<group>"; };
		8249F4101CC30FB70065C469 /* Images.xcassets */ = {isa = PBXFileReference; lastKnownFileType = folder.assetcatalog; path = Images.xcassets; sourceTree = "<group>"; };
		8249F4131CC30FB70065C469 /* Base */ = {isa = PBXFileReference; lastKnownFileType = file.xib; name = Base; path = Base.lproj/LaunchScreen.xib; sourceTree = "<group>"; };
		8249F4191CC30FB70065C469 /* HackPrepTests.xctest */ = {isa = PBXFileReference; explicitFileType = wrapper.cfbundle; includeInIndex = 0; path = HackPrepTests.xctest; sourceTree = BUILT_PRODUCTS_DIR; };
		8249F41E1CC30FB70065C469 /* Info.plist */ = {isa = PBXFileReference; lastKnownFileType = text.plist.xml; path = Info.plist; sourceTree = "<group>"; };
		8249F41F1CC30FB70065C469 /* HackPrepTests.swift */ = {isa = PBXFileReference; lastKnownFileType = sourcecode.swift; path = HackPrepTests.swift; sourceTree = "<group>"; };
/* End PBXFileReference section */

/* Begin PBXFrameworksBuildPhase section */
		8249F4011CC30FB70065C469 /* Frameworks */ = {
			isa = PBXFrameworksBuildPhase;
			buildActionMask = 2147483647;
			files = (
			);
			runOnlyForDeploymentPostprocessing = 0;
		};
		8249F4161CC30FB70065C469 /* Frameworks */ = {
			isa = PBXFrameworksBuildPhase;
			buildActionMask = 2147483647;
			files = (
			);
			runOnlyForDeploymentPostprocessing = 0;
		};
/* End PBXFrameworksBuildPhase section */

/* Begin PBXGroup section */
		8249F3FB1CC30FB70065C469 = {
			isa = PBXGroup;
			children = (
				8249F4061CC30FB70065C469 /* HackPrep */,
				8249F41C1CC30FB70065C469 /* HackPrepTests */,
				8249F4051CC30FB70065C469 /* Products */,
			);
			sourceTree = "<group>";
		};
		8249F4051CC30FB70065C469 /* Products */ = {
			isa = PBXGroup;
			children = (
				8249F4041CC30FB70065C469 /* HackPrep.app */,
				8249F4191CC30FB70065C469 /* HackPrepTests.xctest */,
			);
			name = Products;
			sourceTree = "<group>";
		};
		8249F4061CC30FB70065C469 /* HackPrep */ = {
			isa = PBXGroup;
			children = (
				8249F4091CC30FB70065C469 /* AppDelegate.swift */,
				8249F40B1CC30FB70065C469 /* ViewController.swift */,
				820FD5B81CC3126C006562AA /* HackLeftTableViewCell.swift */,
				820FD5BC1CC3160D006562AA /* Classes.swift */,
				820FD5BA1CC31296006562AA /* HackathonViewController.swift */,
				8249F40D1CC30FB70065C469 /* Main.storyboard */,
				8249F4101CC30FB70065C469 /* Images.xcassets */,
				8249F4121CC30FB70065C469 /* LaunchScreen.xib */,
				8249F4071CC30FB70065C469 /* Supporting Files */,
			);
			path = HackPrep;
			sourceTree = "<group>";
		};
		8249F4071CC30FB70065C469 /* Supporting Files */ = {
			isa = PBXGroup;
			children = (
				8249F4081CC30FB70065C469 /* Info.plist */,
			);
			name = "Supporting Files";
			sourceTree = "<group>";
		};
		8249F41C1CC30FB70065C469 /* HackPrepTests */ = {
			isa = PBXGroup;
			children = (
				8249F41F1CC30FB70065C469 /* HackPrepTests.swift */,
				8249F41D1CC30FB70065C469 /* Supporting Files */,
			);
			path = HackPrepTests;
			sourceTree = "<group>";
		};
		8249F41D1CC30FB70065C469 /* Supporting Files */ = {
			isa = PBXGroup;
			children = (
				8249F41E1CC30FB70065C469 /* Info.plist */,
			);
			name = "Supporting Files";
			sourceTree = "<group>";
		};
/* End PBXGroup section */

/* Begin PBXNativeTarget section */
		8249F4031CC30FB70065C469 /* HackPrep */ = {
			isa = PBXNativeTarget;
			buildConfigurationList = 8249F4231CC30FB70065C469 /* Build configuration list for PBXNativeTarget "HackPrep" */;
			buildPhases = (
				8249F4001CC30FB70065C469 /* Sources */,
				8249F4011CC30FB70065C469 /* Frameworks */,
				8249F4021CC30FB70065C469 /* Resources */,
			);
			buildRules = (
			);
			dependencies = (
			);
			name = HackPrep;
			productName = HackPrep;
			productReference = 8249F4041CC30FB70065C469 /* HackPrep.app */;
			productType = "com.apple.product-type.application";
		};
		8249F4181CC30FB70065C469 /* HackPrepTests */ = {
			isa = PBXNativeTarget;
			buildConfigurationList = 8249F4261CC30FB70065C469 /* Build configuration list for PBXNativeTarget "HackPrepTests" */;
			buildPhases = (
				8249F4151CC30FB70065C469 /* Sources */,
				8249F4161CC30FB70065C469 /* Frameworks */,
				8249F4171CC30FB70065C469 /* Resources */,
			);
			buildRules = (
			);
			dependencies = (
				8249F41B1CC30FB70065C469 /* PBXTargetDependency */,
			);
			name = HackPrepTests;
			productName = HackPrepTests;
			productReference = 8249F4191CC30FB70065C469 /* HackPrepTests.xctest */;
			productType = "com.apple.product-type.bundle.unit-test";
		};
/* End PBXNativeTarget section */

/* Begin PBXProject section */
		8249F3FC1CC30FB70065C469 /* Project object */ = {
			isa = PBXProject;
			attributes = {
				LastUpgradeCheck = 0640;
				ORGANIZATIONNAME = "Srividhya Gopalan";
				TargetAttributes = {
					8249F4031CC30FB70065C469 = {
						CreatedOnToolsVersion = 6.4;
					};
					8249F4181CC30FB70065C469 = {
						CreatedOnToolsVersion = 6.4;
						TestTargetID = 8249F4031CC30FB70065C469;
					};
				};
			};
			buildConfigurationList = 8249F3FF1CC30FB70065C469 /* Build configuration list for PBXProject "HackPrep" */;
			compatibilityVersion = "Xcode 3.2";
			developmentRegion = English;
			hasScannedForEncodings = 0;
			knownRegions = (
				en,
				Base,
			);
			mainGroup = 8249F3FB1CC30FB70065C469;
			productRefGroup = 8249F4051CC30FB70065C469 /* Products */;
			projectDirPath = "";
			projectRoot = "";
			targets = (
				8249F4031CC30FB70065C469 /* HackPrep */,
				8249F4181CC30FB70065C469 /* HackPrepTests */,
			);
		};
/* End PBXProject section */

/* Begin PBXResourcesBuildPhase section */
		8249F4021CC30FB70065C469 /* Resources */ = {
			isa = PBXResourcesBuildPhase;
			buildActionMask = 2147483647;
			files = (
				8249F40F1CC30FB70065C469 /* Main.storyboard in Resources */,
				8249F4141CC30FB70065C469 /* LaunchScreen.xib in Resources */,
				8249F4111CC30FB70065C469 /* Images.xcassets in Resources */,
			);
			runOnlyForDeploymentPostprocessing = 0;
		};
		8249F4171CC30FB70065C469 /* Resources */ = {
			isa = PBXResourcesBuildPhase;
			buildActionMask = 2147483647;
			files = (
			);
			runOnlyForDeploymentPostprocessing = 0;
		};
/* End PBXResourcesBuildPhase section */

/* Begin PBXSourcesBuildPhase section */
		8249F4001CC30FB70065C469 /* Sources */ = {
			isa = PBXSourcesBuildPhase;
			buildActionMask = 2147483647;
			files = (
				820FD5BB1CC31296006562AA /* HackathonViewController.swift in Sources */,
				8249F40C1CC30FB70065C469 /* ViewController.swift in Sources */,
				820FD5B91CC3126C006562AA /* HackLeftTableViewCell.swift in Sources */,
				820FD5BD1CC3160D006562AA /* Classes.swift in Sources */,
				8249F40A1CC30FB70065C469 /* AppDelegate.swift in Sources */,
			);
			runOnlyForDeploymentPostprocessing = 0;
		};
		8249F4151CC30FB70065C469 /* Sources */ = {
			isa = PBXSourcesBuildPhase;
			buildActionMask = 2147483647;
			files = (
				8249F4201CC30FB70065C469 /* HackPrepTests.swift in Sources */,
			);
			runOnlyForDeploymentPostprocessing = 0;
		};
/* End PBXSourcesBuildPhase section */

/* Begin PBXTargetDependency section */
		8249F41B1CC30FB70065C469 /* PBXTargetDependency */ = {
			isa = PBXTargetDependency;
			target = 8249F4031CC30FB70065C469 /* HackPrep */;
			targetProxy = 8249F41A1CC30FB70065C469 /* PBXContainerItemProxy */;
		};
/* End PBXTargetDependency section */

/* Begin PBXVariantGroup section */
		8249F40D1CC30FB70065C469 /* Main.storyboard */ = {
			isa = PBXVariantGroup;
			children = (
				8249F40E1CC30FB70065C469 /* Base */,
			);
			name = Main.storyboard;
			sourceTree = "<group>";
		};
		8249F4121CC30FB70065C469 /* LaunchScreen.xib */ = {
			isa = PBXVariantGroup;
			children = (
				8249F4131CC30FB70065C469 /* Base */,
			);
			name = LaunchScreen.xib;
			sourceTree = "<group>";
		};
/* End PBXVariantGroup section */

/* Begin XCBuildConfiguration section */
		8249F4211CC30FB70065C469 /* Debug */ = {
			isa = XCBuildConfiguration;
			buildSettings = {
				ALWAYS_SEARCH_USER_PATHS = NO;
				CLANG_CXX_LANGUAGE_STANDARD = "gnu++0x";
				CLANG_CXX_LIBRARY = "libc++";
				CLANG_ENABLE_MODULES = YES;
				CLANG_ENABLE_OBJC_ARC = YES;
				CLANG_WARN_BOOL_CONVERSION = YES;
				CLANG_WARN_CONSTANT_CONVERSION = YES;
				CLANG_WARN_DIRECT_OBJC_ISA_USAGE = YES_ERROR;
				CLANG_WARN_EMPTY_BODY = YES;
				CLANG_WARN_ENUM_CONVERSION = YES;
				CLANG_WARN_INT_CONVERSION = YES;
				CLANG_WARN_OBJC_ROOT_CLASS = YES_ERROR;
				CLANG_WARN_UNREACHABLE_CODE = YES;
				CLANG_WARN__DUPLICATE_METHOD_MATCH = YES;
				"CODE_SIGN_IDENTITY[sdk=iphoneos*]" = "iPhone Developer";
				COPY_PHASE_STRIP = NO;
				DEBUG_INFORMATION_FORMAT = "dwarf-with-dsym";
				ENABLE_STRICT_OBJC_MSGSEND = YES;
				GCC_C_LANGUAGE_STANDARD = gnu99;
				GCC_DYNAMIC_NO_PIC = NO;
				GCC_NO_COMMON_BLOCKS = YES;
				GCC_OPTIMIZATION_LEVEL = 0;
				GCC_PREPROCESSOR_DEFINITIONS = (
					"DEBUG=1",
					"$(inherited)",
				);
				GCC_SYMBOLS_PRIVATE_EXTERN = NO;
				GCC_WARN_64_TO_32_BIT_CONVERSION = YES;
				GCC_WARN_ABOUT_RETURN_TYPE = YES_ERROR;
				GCC_WARN_UNDECLARED_SELECTOR = YES;
				GCC_WARN_UNINITIALIZED_AUTOS = YES_AGGRESSIVE;
				GCC_WARN_UNUSED_FUNCTION = YES;
				GCC_WARN_UNUSED_VARIABLE = YES;
				IPHONEOS_DEPLOYMENT_TARGET = 8.4;
				MTL_ENABLE_DEBUG_INFO = YES;
				ONLY_ACTIVE_ARCH = YES;
				SDKROOT = iphoneos;
				SWIFT_OPTIMIZATION_LEVEL = "-Onone";
				TARGETED_DEVICE_FAMILY = "1,2";
			};
			name = Debug;
		};
		8249F4221CC30FB70065C469 /* Release */ = {
			isa = XCBuildConfiguration;
			buildSettings = {
				ALWAYS_SEARCH_USER_PATHS = NO;
				CLANG_CXX_LANGUAGE_STANDARD = "gnu++0x";
				CLANG_CXX_LIBRARY = "libc++";
				CLANG_ENABLE_MODULES = YES;
				CLANG_ENABLE_OBJC_ARC = YES;
				CLANG_WARN_BOOL_CONVERSION = YES;
				CLANG_WARN_CONSTANT_CONVERSION = YES;
				CLANG_WARN_DIRECT_OBJC_ISA_USAGE = YES_ERROR;
				CLANG_WARN_EMPTY_BODY = YES;
				CLANG_WARN_ENUM_CONVERSION = YES;
				CLANG_WARN_INT_CONVERSION = YES;
				CLANG_WARN_OBJC_ROOT_CLASS = YES_ERROR;
				CLANG_WARN_UNREACHABLE_CODE = YES;
				CLANG_WARN__DUPLICATE_METHOD_MATCH = YES;
				"CODE_SIGN_IDENTITY[sdk=iphoneos*]" = "iPhone Developer";
				COPY_PHASE_STRIP = NO;
				DEBUG_INFORMATION_FORMAT = "dwarf-with-dsym";
				ENABLE_NS_ASSERTIONS = NO;
				ENABLE_STRICT_OBJC_MSGSEND = YES;
				GCC_C_LANGUAGE_STANDARD = gnu99;
				GCC_NO_COMMON_BLOCKS = YES;
				GCC_WARN_64_TO_32_BIT_CONVERSION = YES;
				GCC_WARN_ABOUT_RETURN_TYPE = YES_ERROR;
				GCC_WARN_UNDECLARED_SELECTOR = YES;
				GCC_WARN_UNINITIALIZED_AUTOS = YES_AGGRESSIVE;
				GCC_WARN_UNUSED_FUNCTION = YES;
				GCC_WARN_UNUSED_VARIABLE = YES;
				IPHONEOS_DEPLOYMENT_TARGET = 8.4;
				MTL_ENABLE_DEBUG_INFO = NO;
				SDKROOT = iphoneos;
				TARGETED_DEVICE_FAMILY = "1,2";
				VALIDATE_PRODUCT = YES;
			};
			name = Release;
		};
		8249F4241CC30FB70065C469 /* Debug */ = {
			isa = XCBuildConfiguration;
			buildSettings = {
				ASSETCATALOG_COMPILER_APPICON_NAME = AppIcon;
				INFOPLIST_FILE = HackPrep/Info.plist;
				LD_RUNPATH_SEARCH_PATHS = "$(inherited) @executable_path/Frameworks";
				PRODUCT_NAME = "$(TARGET_NAME)";
			};
			name = Debug;
		};
		8249F4251CC30FB70065C469 /* Release */ = {
			isa = XCBuildConfiguration;
			buildSettings = {
				ASSETCATALOG_COMPILER_APPICON_NAME = AppIcon;
				INFOPLIST_FILE = HackPrep/Info.plist;
				LD_RUNPATH_SEARCH_PATHS = "$(inherited) @executable_path/Frameworks";
				PRODUCT_NAME = "$(TARGET_NAME)";
			};
			name = Release;
		};
		8249F4271CC30FB70065C469 /* Debug */ = {
			isa = XCBuildConfiguration;
			buildSettings = {
				BUNDLE_LOADER = "$(TEST_HOST)";
				FRAMEWORK_SEARCH_PATHS = (
					"$(SDKROOT)/Developer/Library/Frameworks",
					"$(inherited)",
				);
				GCC_PREPROCESSOR_DEFINITIONS = (
					"DEBUG=1",
					"$(inherited)",
				);
				INFOPLIST_FILE = HackPrepTests/Info.plist;
				LD_RUNPATH_SEARCH_PATHS = "$(inherited) @executable_path/Frameworks @loader_path/Frameworks";
				PRODUCT_NAME = "$(TARGET_NAME)";
				TEST_HOST = "$(BUILT_PRODUCTS_DIR)/HackPrep.app/HackPrep";
			};
			name = Debug;
		};
		8249F4281CC30FB70065C469 /* Release */ = {
			isa = XCBuildConfiguration;
			buildSettings = {
				BUNDLE_LOADER = "$(TEST_HOST)";
				FRAMEWORK_SEARCH_PATHS = (
					"$(SDKROOT)/Developer/Library/Frameworks",
					"$(inherited)",
				);
				INFOPLIST_FILE = HackPrepTests/Info.plist;
				LD_RUNPATH_SEARCH_PATHS = "$(inherited) @executable_path/Frameworks @loader_path/Frameworks";
				PRODUCT_NAME = "$(TARGET_NAME)";
				TEST_HOST = "$(BUILT_PRODUCTS_DIR)/HackPrep.app/HackPrep";
			};
			name = Release;
		};
/* End XCBuildConfiguration section */

/* Begin XCConfigurationList section */
		8249F3FF1CC30FB70065C469 /* Build configuration list for PBXProject "HackPrep" */ = {
			isa = XCConfigurationList;
			buildConfigurations = (
				8249F4211CC30FB70065C469 /* Debug */,
				8249F4221CC30FB70065C469 /* Release */,
			);
			defaultConfigurationIsVisible = 0;
			defaultConfigurationName = Release;
		};
		8249F4231CC30FB70065C469 /* Build configuration list for PBXNativeTarget "HackPrep" */ = {
			isa = XCConfigurationList;
			buildConfigurations = (
				8249F4241CC30FB70065C469 /* Debug */,
				8249F4251CC30FB70065C469 /* Release */,
			);
			defaultConfigurationIsVisible = 0;
			defaultConfigurationName = Release;
		};
		8249F4261CC30FB70065C469 /* Build configuration list for PBXNativeTarget "HackPrepTests" */ = {
			isa = XCConfigurationList;
			buildConfigurations = (
				8249F4271CC30FB70065C469 /* Debug */,
				8249F4281CC30FB70065C469 /* Release */,
			);
			defaultConfigurationIsVisible = 0;
			defaultConfigurationName = Release;
		};
/* End XCConfigurationList section */
	};
	rootObject = 8249F3FC1CC30FB70065C469 /* Project object */;
}
